
Microsoft Visual Studio Solution File, Format Version 12.00
# Visual Studio 14
VisualStudioVersion = 14.0.24720.0
MinimumVisualStudioVersion = 10.0.40219.1
Project("{FAE04EC0-301F-11D3-BF4B-00C04F79EFBC}") = "ProyectoBienes", "ProyectoBienes\ProyectoBienes.csproj", "{89B57CB8-7083-4305-9E8E-D222BA59F957}"
EndProject
Project("{FAE04EC0-301F-11D3-BF4B-00C04F79EFBC}") = "WebBienes", "WebBienes\WebBienes.csproj", "{518DD822-3308-4CE3-9CC4-1AE67421D905}"
EndProject
Global
	GlobalSection(SolutionConfigurationPlatforms) = preSolution
		Debug|Any CPU = Debug|Any CPU
		Release|Any CPU = Release|Any CPU
	EndGlobalSection
	GlobalSection(ProjectConfigurationPlatforms) = postSolution
		{89B57CB8-7083-4305-9E8E-D222BA59F957}.Debug|Any CPU.ActiveCfg = Debug|Any CPU
		{89B57CB8-7083-4305-9E8E-D222BA59F957}.Debug|Any CPU.Build.0 = Debug|Any CPU
		{89B57CB8-7083-4305-9E8E-D222BA59F957}.Release|Any CPU.ActiveCfg = Release|Any CPU
		{89B57CB8-7083-4305-9E8E-D222BA59F957}.Release|Any CPU.Build.0 = Release|Any CPU
		{518DD822-3308-4CE3-9CC4-1AE67421D905}.Debug|Any CPU.ActiveCfg = Debug|Any CPU
		{518DD822-3308-4CE3-9CC4-1AE67421D905}.Debug|Any CPU.Build.0 = Debug|Any CPU
		{518DD822-3308-4CE3-9CC4-1AE67421D905}.Release|Any CPU.ActiveCfg = Release|Any CPU
		{518DD822-3308-4CE3-9CC4-1AE67421D905}.Release|Any CPU.Build.0 = Release|Any CPU
	EndGlobalSection
	GlobalSection(SolutionProperties) = preSolution
		HideSolutionNode = FALSE
	EndGlobalSection
EndGlobal
